
Microsoft Visual Studio Solution File, Format Version 12.00
# Visual Studio Version 17
VisualStudioVersion = 17.8.34511.84
MinimumVisualStudioVersion = 10.0.40219.1
Project("{FAE04EC0-301F-11D3-BF4B-00C04F79EFBC}") = "MyFirstConsole", "MyFirstSolution\MyFirstConsole.csproj", "{E347A50C-A5DF-4E93-B102-E76A8FCFB2F9}"
EndProject
Project("{FAE04EC0-301F-11D3-BF4B-00C04F79EFBC}") = "MySecondConsole", "MySecondConsole\MySecondConsole.csproj", "{4345D39A-DEC2-45BE-ACF8-FB820B890328}"
EndProject
Global
	GlobalSection(SolutionConfigurationPlatforms) = preSolution
		Debug|Any CPU = Debug|Any CPU
		Release|Any CPU = Release|Any CPU
	EndGlobalSection
	GlobalSection(ProjectConfigurationPlatforms) = postSolution
		{E347A50C-A5DF-4E93-B102-E76A8FCFB2F9}.Debug|Any CPU.ActiveCfg = Debug|Any CPU
		{E347A50C-A5DF-4E93-B102-E76A8FCFB2F9}.Debug|Any CPU.Build.0 = Debug|Any CPU
		{E347A50C-A5DF-4E93-B102-E76A8FCFB2F9}.Release|Any CPU.ActiveCfg = Release|Any CPU
		{E347A50C-A5DF-4E93-B102-E76A8FCFB2F9}.Release|Any CPU.Build.0 = Release|Any CPU
		{4345D39A-DEC2-45BE-ACF8-FB820B890328}.Debug|Any CPU.ActiveCfg = Debug|Any CPU
		{4345D39A-DEC2-45BE-ACF8-FB820B890328}.Debug|Any CPU.Build.0 = Debug|Any CPU
		{4345D39A-DEC2-45BE-ACF8-FB820B890328}.Release|Any CPU.ActiveCfg = Release|Any CPU
		{4345D39A-DEC2-45BE-ACF8-FB820B890328}.Release|Any CPU.Build.0 = Release|Any CPU
	EndGlobalSection
	GlobalSection(SolutionProperties) = preSolution
		HideSolutionNode = FALSE
	EndGlobalSection
	GlobalSection(ExtensibilityGlobals) = postSolution
		SolutionGuid = {6A06E548-BE02-4A78-9224-7A8B68B3BCDD}
	EndGlobalSection
EndGlobal
