
Microsoft Visual Studio Solution File, Format Version 12.00
# Visual Studio Version 17
VisualStudioVersion = 17.8.34511.84
MinimumVisualStudioVersion = 10.0.40219.1
Project("{FAE04EC0-301F-11D3-BF4B-00C04F79EFBC}") = "HW_14", "HW_14\HW_14.csproj", "{C8A38DA2-ED97-44F3-8E2A-5E564AEFC9CC}"
EndProject
Global
	GlobalSection(SolutionConfigurationPlatforms) = preSolution
		Debug|Any CPU = Debug|Any CPU
		Release|Any CPU = Release|Any CPU
	EndGlobalSection
	GlobalSection(ProjectConfigurationPlatforms) = postSolution
		{C8A38DA2-ED97-44F3-8E2A-5E564AEFC9CC}.Debug|Any CPU.ActiveCfg = Debug|Any CPU
		{C8A38DA2-ED97-44F3-8E2A-5E564AEFC9CC}.Debug|Any CPU.Build.0 = Debug|Any CPU
		{C8A38DA2-ED97-44F3-8E2A-5E564AEFC9CC}.Release|Any CPU.ActiveCfg = Release|Any CPU
		{C8A38DA2-ED97-44F3-8E2A-5E564AEFC9CC}.Release|Any CPU.Build.0 = Release|Any CPU
	EndGlobalSection
	GlobalSection(SolutionProperties) = preSolution
		HideSolutionNode = FALSE
	EndGlobalSection
	GlobalSection(ExtensibilityGlobals) = postSolution
		SolutionGuid = {9274800D-BDBE-4D34-8F36-002E1BB9911D}
	EndGlobalSection
EndGlobal
