
Microsoft Visual Studio Solution File, Format Version 12.00
# Visual Studio Version 17
VisualStudioVersion = 17.8.34511.84
MinimumVisualStudioVersion = 10.0.40219.1
Project("{FAE04EC0-301F-11D3-BF4B-00C04F79EFBC}") = "HW_15", "HW_15\HW_15.csproj", "{0274D653-94A9-4A86-93AB-257EF1523AC1}"
EndProject
Global
	GlobalSection(SolutionConfigurationPlatforms) = preSolution
		Debug|Any CPU = Debug|Any CPU
		Release|Any CPU = Release|Any CPU
	EndGlobalSection
	GlobalSection(ProjectConfigurationPlatforms) = postSolution
		{0274D653-94A9-4A86-93AB-257EF1523AC1}.Debug|Any CPU.ActiveCfg = Debug|Any CPU
		{0274D653-94A9-4A86-93AB-257EF1523AC1}.Debug|Any CPU.Build.0 = Debug|Any CPU
		{0274D653-94A9-4A86-93AB-257EF1523AC1}.Release|Any CPU.ActiveCfg = Release|Any CPU
		{0274D653-94A9-4A86-93AB-257EF1523AC1}.Release|Any CPU.Build.0 = Release|Any CPU
	EndGlobalSection
	GlobalSection(SolutionProperties) = preSolution
		HideSolutionNode = FALSE
	EndGlobalSection
	GlobalSection(ExtensibilityGlobals) = postSolution
		SolutionGuid = {68735C78-78B6-42B0-90A1-579763A4E3F8}
	EndGlobalSection
EndGlobal
